# This file is automatically @generated by Cargo.
# It is not intended for manual editing.
version = 4

[[package]]
name = "divide-shift-add-repro"
version = "0.1.0"
dependencies = [
 "solana-compiler-builtins",
]

[[package]]
name = "solana-compiler-builtins"
version = "0.1.0"
source = "git+https://github.com/rishavmehra/solana-compiler-builtins?branch=fix%2Fremove-multi3-asm-return#2d3d51ce722208aab349472a95bb8f9b5b7be98a"
