# This file is automatically @generated by Cargo.
# It is not intended for manual editing.
version = 4

[[package]]
name = "ptoken-repro-ui-parser-full-shape"
version = "0.1.0"
dependencies = [
 "solana-compiler-builtins",
]

[[package]]
name = "solana-compiler-builtins"
version = "0.1.0"
source = "git+https://github.com/blueshift-gg/solana-compiler-builtins?branch=main#fd7ac4a977ca6f7deaa3e3aa0ae83a4f25f2a5e0"
